// !$*UTF8*$!
{
	archiveVersion = 1;
	classes = {
	};
	objectVersion = 46;
	objects = {

/* Begin PBXBuildFile section */
		485C9B689A039485EA1B6842 /* libPods-MPVPNManager.a in Frameworks */ = {isa = PBXBuildFile; fileRef = 445A94A8896E585A7E3EAA2E /* libPods-MPVPNManager.a */; };
		A4E90BDF1EDEAE0D003B86D8 /* MPVPNConfig.m in Sources */ = {isa = PBXBuildFile; fileRef = A4E90BDE1EDEAE0D003B86D8 /* MPVPNConfig.m */; };
		A4E90BE21EDEAE30003B86D8 /* MPVPNIPSecConfig.m in Sources */ = {isa = PBXBuildFile; fileRef = A4E90BE11EDEAE30003B86D8 /* MPVPNIPSecConfig.m */; };
		A4E90BE51EDEAE56003B86D8 /* MPVPNIKEv2Config.m in Sources */ = {isa = PBXBuildFile; fileRef = A4E90BE41EDEAE56003B86D8 /* MPVPNIKEv2Config.m */; };
		CC197CFD1EDC863600ACA743 /* main.m in Sources */ = {isa = PBXBuildFile; fileRef = CC197CFC1EDC863600ACA743 /* main.m */; };
		CC197D001EDC863600ACA743 /* AppDelegate.m in Sources */ = {isa = PBXBuildFile; fileRef = CC197CFF1EDC863600ACA743 /* AppDelegate.m */; };
		CC197D031EDC863600ACA743 /* ViewController.m in Sources */ = {isa = PBXBuildFile; fileRef = CC197D021EDC863600ACA743 /* ViewController.m */; };
		CC197D061EDC863600ACA743 /* Main.storyboard in Resources */ = {isa = PBXBuildFile; fileRef = CC197D041EDC863600ACA743 /* Main.storyboard */; };
		CC197D081EDC863600ACA743 /* Assets.xcassets in Resources */ = {isa = PBXBuildFile; fileRef = CC197D071EDC863600ACA743 /* Assets.xcassets */; };
		CC197D0B1EDC863600ACA743 /* LaunchScreen.storyboard in Resources */ = {isa = PBXBuildFile; fileRef = CC197D091EDC863600ACA743 /* LaunchScreen.storyboard */; };
		CCA750921EDC9DC6000E6524 /* MPVPNManager.m in Sources */ = {isa = PBXBuildFile; fileRef = CCA750901EDC9DC6000E6524 /* MPVPNManager.m */; };
/* End PBXBuildFile section */

/* Begin PBXFileReference section */
		445A94A8896E585A7E3EAA2E /* libPods-MPVPNManager.a */ = {isa = PBXFileReference; explicitFileType = archive.ar; includeInIndex = 0; path = "libPods-MPVPNManager.a"; sourceTree = BUILT_PRODUCTS_DIR; };
		48B208FBAE7CCAFC51C0A80B /* Pods-MPVPNManager.release.xcconfig */ = {isa = PBXFileReference; includeInIndex = 1; lastKnownFileType = text.xcconfig; name = "Pods-MPVPNManager.release.xcconfig"; path = "Pods/Target Support Files/Pods-MPVPNManager/Pods-MPVPNManager.release.xcconfig"; sourceTree = "<group>"; };
		A478C2C51EF11D0F006E7BC8 /* NEVPNProtocolL2TP.h */ = {isa = PBXFileReference; fileEncoding = 4; lastKnownFileType = sourcecode.c.h; path = NEVPNProtocolL2TP.h; sourceTree = "<group>"; };
		A478C2C61EF11D0F006E7BC8 /* NEVPNProtocolPPP.h */ = {isa = PBXFileReference; fileEncoding = 4; lastKnownFileType = sourcecode.c.h; path = NEVPNProtocolPPP.h; sourceTree = "<group>"; };
		A4E90BDD1EDEAE0D003B86D8 /* MPVPNConfig.h */ = {isa = PBXFileReference; fileEncoding = 4; lastKnownFileType = sourcecode.c.h; path = MPVPNConfig.h; sourceTree = "<group>"; };
		A4E90BDE1EDEAE0D003B86D8 /* MPVPNConfig.m */ = {isa = PBXFileReference; fileEncoding = 4; lastKnownFileType = sourcecode.c.objc; path = MPVPNConfig.m; sourceTree = "<group>"; };
		A4E90BE01EDEAE30003B86D8 /* MPVPNIPSecConfig.h */ = {isa = PBXFileReference; fileEncoding = 4; lastKnownFileType = sourcecode.c.h; path = MPVPNIPSecConfig.h; sourceTree = "<group>"; };
		A4E90BE11EDEAE30003B86D8 /* MPVPNIPSecConfig.m */ = {isa = PBXFileReference; fileEncoding = 4; lastKnownFileType = sourcecode.c.objc; path = MPVPNIPSecConfig.m; sourceTree = "<group>"; };
		A4E90BE31EDEAE56003B86D8 /* MPVPNIKEv2Config.h */ = {isa = PBXFileReference; fileEncoding = 4; lastKnownFileType = sourcecode.c.h; path = MPVPNIKEv2Config.h; sourceTree = "<group>"; };
		A4E90BE41EDEAE56003B86D8 /* MPVPNIKEv2Config.m */ = {isa = PBXFileReference; fileEncoding = 4; lastKnownFileType = sourcecode.c.objc; path = MPVPNIKEv2Config.m; sourceTree = "<group>"; };
		C594F61FD8279BDDAE01485E /* Pods-MPVPNManager.debug.xcconfig */ = {isa = PBXFileReference; includeInIndex = 1; lastKnownFileType = text.xcconfig; name = "Pods-MPVPNManager.debug.xcconfig"; path = "Pods/Target Support Files/Pods-MPVPNManager/Pods-MPVPNManager.debug.xcconfig"; sourceTree = "<group>"; };
		CC197CF81EDC863600ACA743 /* MPVPNManager.app */ = {isa = PBXFileReference; explicitFileType = wrapper.application; includeInIndex = 0; path = MPVPNManager.app; sourceTree = BUILT_PRODUCTS_DIR; };
		CC197CFC1EDC863600ACA743 /* main.m */ = {isa = PBXFileReference; lastKnownFileType = sourcecode.c.objc; path = main.m; sourceTree = "<group>"; };
		CC197CFE1EDC863600ACA743 /* AppDelegate.h */ = {isa = PBXFileReference; lastKnownFileType = sourcecode.c.h; path = AppDelegate.h; sourceTree = "<group>"; };
		CC197CFF1EDC863600ACA743 /* AppDelegate.m */ = {isa = PBXFileReference; lastKnownFileType = sourcecode.c.objc; path = AppDelegate.m; sourceTree = "<group>"; };
		CC197D011EDC863600ACA743 /* ViewController.h */ = {isa = PBXFileReference; lastKnownFileType = sourcecode.c.h; path = ViewController.h; sourceTree = "<group>"; };
		CC197D021EDC863600ACA743 /* ViewController.m */ = {isa = PBXFileReference; lastKnownFileType = sourcecode.c.objc; path = ViewController.m; sourceTree = "<group>"; };
		CC197D051EDC863600ACA743 /* Base */ = {isa = PBXFileReference; lastKnownFileType = file.storyboard; name = Base; path = Base.lproj/Main.storyboard; sourceTree = "<group>"; };
		CC197D071EDC863600ACA743 /* Assets.xcassets */ = {isa = PBXFileReference; lastKnownFileType = folder.assetcatalog; path = Assets.xcassets; sourceTree = "<group>"; };
		CC197D0A1EDC863600ACA743 /* Base */ = {isa = PBXFileReference; lastKnownFileType = file.storyboard; name = Base; path = Base.lproj/LaunchScreen.storyboard; sourceTree = "<group>"; };
		CC197D0C1EDC863600ACA743 /* Info.plist */ = {isa = PBXFileReference; lastKnownFileType = text.plist.xml; path = Info.plist; sourceTree = "<group>"; };
		CCA7508E1EDC9DC6000E6524 /* MPConfig.entitlements */ = {isa = PBXFileReference; fileEncoding = 4; lastKnownFileType = text.plist.entitlements; path = MPConfig.entitlements; sourceTree = "<group>"; };
		CCA7508F1EDC9DC6000E6524 /* MPVPNManager.h */ = {isa = PBXFileReference; fileEncoding = 4; lastKnownFileType = sourcecode.c.h; path = MPVPNManager.h; sourceTree = "<group>"; };
		CCA750901EDC9DC6000E6524 /* MPVPNManager.m */ = {isa = PBXFileReference; fileEncoding = 4; lastKnownFileType = sourcecode.c.objc; path = MPVPNManager.m; sourceTree = "<group>"; };
/* End PBXFileReference section */

/* Begin PBXFrameworksBuildPhase section */
		CC197CF51EDC863600ACA743 /* Frameworks */ = {
			isa = PBXFrameworksBuildPhase;
			buildActionMask = 2147483647;
			files = (
				485C9B689A039485EA1B6842 /* libPods-MPVPNManager.a in Frameworks */,
			);
			runOnlyForDeploymentPostprocessing = 0;
		};
/* End PBXFrameworksBuildPhase section */

/* Begin PBXGroup section */
		10F444D88AA1D14772C5C97E /* Frameworks */ = {
			isa = PBXGroup;
			children = (
				445A94A8896E585A7E3EAA2E /* libPods-MPVPNManager.a */,
			);
			name = Frameworks;
			sourceTree = "<group>";
		};
		5B0B23E9161FD08444D7E2A0 /* Pods */ = {
			isa = PBXGroup;
			children = (
				C594F61FD8279BDDAE01485E /* Pods-MPVPNManager.debug.xcconfig */,
				48B208FBAE7CCAFC51C0A80B /* Pods-MPVPNManager.release.xcconfig */,
			);
			name = Pods;
			sourceTree = "<group>";
		};
		A478C2C41EF11CD3006E7BC8 /* Private */ = {
			isa = PBXGroup;
			children = (
				A478C2C51EF11D0F006E7BC8 /* NEVPNProtocolL2TP.h */,
				A478C2C61EF11D0F006E7BC8 /* NEVPNProtocolPPP.h */,
			);
			name = Private;
			sourceTree = "<group>";
		};
		CC197CEF1EDC863600ACA743 = {
			isa = PBXGroup;
			children = (
				CC197CFA1EDC863600ACA743 /* MPVPNManager */,
				CC197CF91EDC863600ACA743 /* Products */,
				5B0B23E9161FD08444D7E2A0 /* Pods */,
				10F444D88AA1D14772C5C97E /* Frameworks */,
			);
			sourceTree = "<group>";
		};
		CC197CF91EDC863600ACA743 /* Products */ = {
			isa = PBXGroup;
			children = (
				CC197CF81EDC863600ACA743 /* MPVPNManager.app */,
			);
			name = Products;
			sourceTree = "<group>";
		};
		CC197CFA1EDC863600ACA743 /* MPVPNManager */ = {
			isa = PBXGroup;
			children = (
				CCA7508B1EDC9DC6000E6524 /* MPVPNManagerClasses */,
				CC197CFE1EDC863600ACA743 /* AppDelegate.h */,
				CC197CFF1EDC863600ACA743 /* AppDelegate.m */,
				CC197D011EDC863600ACA743 /* ViewController.h */,
				CC197D021EDC863600ACA743 /* ViewController.m */,
				CC197D041EDC863600ACA743 /* Main.storyboard */,
				CC197D071EDC863600ACA743 /* Assets.xcassets */,
				CC197D091EDC863600ACA743 /* LaunchScreen.storyboard */,
				CC197D0C1EDC863600ACA743 /* Info.plist */,
				CC197CFB1EDC863600ACA743 /* Supporting Files */,
			);
			path = MPVPNManager;
			sourceTree = "<group>";
		};
		CC197CFB1EDC863600ACA743 /* Supporting Files */ = {
			isa = PBXGroup;
			children = (
				CC197CFC1EDC863600ACA743 /* main.m */,
			);
			name = "Supporting Files";
			sourceTree = "<group>";
		};
		CCA7508B1EDC9DC6000E6524 /* MPVPNManagerClasses */ = {
			isa = PBXGroup;
			children = (
				A478C2C41EF11CD3006E7BC8 /* Private */,
				CCA7508E1EDC9DC6000E6524 /* MPConfig.entitlements */,
				CCA7508F1EDC9DC6000E6524 /* MPVPNManager.h */,
				CCA750901EDC9DC6000E6524 /* MPVPNManager.m */,
				A4E90BDD1EDEAE0D003B86D8 /* MPVPNConfig.h */,
				A4E90BDE1EDEAE0D003B86D8 /* MPVPNConfig.m */,
				A4E90BE01EDEAE30003B86D8 /* MPVPNIPSecConfig.h */,
				A4E90BE11EDEAE30003B86D8 /* MPVPNIPSecConfig.m */,
				A4E90BE31EDEAE56003B86D8 /* MPVPNIKEv2Config.h */,
				A4E90BE41EDEAE56003B86D8 /* MPVPNIKEv2Config.m */,
			);
			path = MPVPNManagerClasses;
			sourceTree = SOURCE_ROOT;
		};
/* End PBXGroup section */

/* Begin PBXNativeTarget section */
		CC197CF71EDC863600ACA743 /* MPVPNManager */ = {
			isa = PBXNativeTarget;
			buildConfigurationList = CC197D0F1EDC863600ACA743 /* Build configuration list for PBXNativeTarget "MPVPNManager" */;
			buildPhases = (
				7A55D4D5C44078150A35E889 /* [CP] Check Pods Manifest.lock */,
				CC197CF41EDC863600ACA743 /* Sources */,
				CC197CF51EDC863600ACA743 /* Frameworks */,
				CC197CF61EDC863600ACA743 /* Resources */,
				7C34FBD85AD9A03FC745DBBA /* [CP] Embed Pods Frameworks */,
				A680F924DABEF51270AA9521 /* [CP] Copy Pods Resources */,
			);
			buildRules = (
			);
			dependencies = (
			);
			name = MPVPNManager;
			productName = MPVPNManager;
			productReference = CC197CF81EDC863600ACA743 /* MPVPNManager.app */;
			productType = "com.apple.product-type.application";
		};
/* End PBXNativeTarget section */

/* Begin PBXProject section */
		CC197CF01EDC863600ACA743 /* Project object */ = {
			isa = PBXProject;
			attributes = {
				LastUpgradeCheck = 0830;
				ORGANIZATIONNAME = mopellet;
				TargetAttributes = {
					CC197CF71EDC863600ACA743 = {
						CreatedOnToolsVersion = 8.3.2;
						DevelopmentTeam = 828E9CDH54;
						ProvisioningStyle = Automatic;
					};
				};
			};
			buildConfigurationList = CC197CF31EDC863600ACA743 /* Build configuration list for PBXProject "MPVPNManager" */;
			compatibilityVersion = "Xcode 3.2";
			developmentRegion = English;
			hasScannedForEncodings = 0;
			knownRegions = (
				en,
				Base,
			);
			mainGroup = CC197CEF1EDC863600ACA743;
			productRefGroup = CC197CF91EDC863600ACA743 /* Products */;
			projectDirPath = "";
			projectRoot = "";
			targets = (
				CC197CF71EDC863600ACA743 /* MPVPNManager */,
			);
		};
/* End PBXProject section */

/* Begin PBXResourcesBuildPhase section */
		CC197CF61EDC863600ACA743 /* Resources */ = {
			isa = PBXResourcesBuildPhase;
			buildActionMask = 2147483647;
			files = (
				CC197D0B1EDC863600ACA743 /* LaunchScreen.storyboard in Resources */,
				CC197D081EDC863600ACA743 /* Assets.xcassets in Resources */,
				CC197D061EDC863600ACA743 /* Main.storyboard in Resources */,
			);
			runOnlyForDeploymentPostprocessing = 0;
		};
/* End PBXResourcesBuildPhase section */

/* Begin PBXShellScriptBuildPhase section */
		7A55D4D5C44078150A35E889 /* [CP] Check Pods Manifest.lock */ = {
			isa = PBXShellScriptBuildPhase;
			buildActionMask = 2147483647;
			files = (
			);
			inputPaths = (
			);
			name = "[CP] Check Pods Manifest.lock";
			outputPaths = (
			);
			runOnlyForDeploymentPostprocessing = 0;
			shellPath = /bin/sh;
			shellScript = "diff \"${PODS_ROOT}/../Podfile.lock\" \"${PODS_ROOT}/Manifest.lock\" > /dev/null\nif [ $? != 0 ] ; then\n    # print error to STDERR\n    echo \"error: The sandbox is not in sync with the Podfile.lock. Run 'pod install' or update your CocoaPods installation.\" >&2\n    exit 1\nfi\n";
			showEnvVarsInLog = 0;
		};
		7C34FBD85AD9A03FC745DBBA /* [CP] Embed Pods Frameworks */ = {
			isa = PBXShellScriptBuildPhase;
			buildActionMask = 2147483647;
			files = (
			);
			inputPaths = (
			);
			name = "[CP] Embed Pods Frameworks";
			outputPaths = (
			);
			runOnlyForDeploymentPostprocessing = 0;
			shellPath = /bin/sh;
			shellScript = "\"${SRCROOT}/Pods/Target Support Files/Pods-MPVPNManager/Pods-MPVPNManager-frameworks.sh\"\n";
			showEnvVarsInLog = 0;
		};
		A680F924DABEF51270AA9521 /* [CP] Copy Pods Resources */ = {
			isa = PBXShellScriptBuildPhase;
			buildActionMask = 2147483647;
			files = (
			);
			inputPaths = (
			);
			name = "[CP] Copy Pods Resources";
			outputPaths = (
			);
			runOnlyForDeploymentPostprocessing = 0;
			shellPath = /bin/sh;
			shellScript = "\"${SRCROOT}/Pods/Target Support Files/Pods-MPVPNManager/Pods-MPVPNManager-resources.sh\"\n";
			showEnvVarsInLog = 0;
		};
/* End PBXShellScriptBuildPhase section */

/* Begin PBXSourcesBuildPhase section */
		CC197CF41EDC863600ACA743 /* Sources */ = {
			isa = PBXSourcesBuildPhase;
			buildActionMask = 2147483647;
			files = (
				CCA750921EDC9DC6000E6524 /* MPVPNManager.m in Sources */,
				A4E90BE21EDEAE30003B86D8 /* MPVPNIPSecConfig.m in Sources */,
				CC197D031EDC863600ACA743 /* ViewController.m in Sources */,
				CC197D001EDC863600ACA743 /* AppDelegate.m in Sources */,
				A4E90BDF1EDEAE0D003B86D8 /* MPVPNConfig.m in Sources */,
				A4E90BE51EDEAE56003B86D8 /* MPVPNIKEv2Config.m in Sources */,
				CC197CFD1EDC863600ACA743 /* main.m in Sources */,
			);
			runOnlyForDeploymentPostprocessing = 0;
		};
/* End PBXSourcesBuildPhase section */

/* Begin PBXVariantGroup section */
		CC197D041EDC863600ACA743 /* Main.storyboard */ = {
			isa = PBXVariantGroup;
			children = (
				CC197D051EDC863600ACA743 /* Base */,
			);
			name = Main.storyboard;
			sourceTree = "<group>";
		};
		CC197D091EDC863600ACA743 /* LaunchScreen.storyboard */ = {
			isa = PBXVariantGroup;
			children = (
				CC197D0A1EDC863600ACA743 /* Base */,
			);
			name = LaunchScreen.storyboard;
			sourceTree = "<group>";
		};
/* End PBXVariantGroup section */

/* Begin XCBuildConfiguration section */
		CC197D0D1EDC863600ACA743 /* Debug */ = {
			isa = XCBuildConfiguration;
			buildSettings = {
				ALWAYS_SEARCH_USER_PATHS = NO;
				CLANG_ANALYZER_NONNULL = YES;
				CLANG_ANALYZER_NUMBER_OBJECT_CONVERSION = YES_AGGRESSIVE;
				CLANG_CXX_LANGUAGE_STANDARD = "gnu++0x";
				CLANG_CXX_LIBRARY = "libc++";
				CLANG_ENABLE_MODULES = YES;
				CLANG_ENABLE_OBJC_ARC = YES;
				CLANG_WARN_BOOL_CONVERSION = YES;
				CLANG_WARN_CONSTANT_CONVERSION = YES;
				CLANG_WARN_DIRECT_OBJC_ISA_USAGE = YES_ERROR;
				CLANG_WARN_DOCUMENTATION_COMMENTS = YES;
				CLANG_WARN_EMPTY_BODY = YES;
				CLANG_WARN_ENUM_CONVERSION = YES;
				CLANG_WARN_INFINITE_RECURSION = YES;
				CLANG_WARN_INT_CONVERSION = YES;
				CLANG_WARN_OBJC_ROOT_CLASS = YES_ERROR;
				CLANG_WARN_SUSPICIOUS_MOVE = YES;
				CLANG_WARN_UNREACHABLE_CODE = YES;
				CLANG_WARN__DUPLICATE_METHOD_MATCH = YES;
				"CODE_SIGN_IDENTITY[sdk=iphoneos*]" = "iPhone Developer";
				COPY_PHASE_STRIP = NO;
				DEBUG_INFORMATION_FORMAT = dwarf;
				ENABLE_STRICT_OBJC_MSGSEND = YES;
				ENABLE_TESTABILITY = YES;
				GCC_C_LANGUAGE_STANDARD = gnu99;
				GCC_DYNAMIC_NO_PIC = NO;
				GCC_NO_COMMON_BLOCKS = YES;
				GCC_OPTIMIZATION_LEVEL = 0;
				GCC_PREPROCESSOR_DEFINITIONS = (
					"DEBUG=1",
					"$(inherited)",
				);
				GCC_WARN_64_TO_32_BIT_CONVERSION = YES;
				GCC_WARN_ABOUT_RETURN_TYPE = YES_ERROR;
				GCC_WARN_UNDECLARED_SELECTOR = YES;
				GCC_WARN_UNINITIALIZED_AUTOS = YES_AGGRESSIVE;
				GCC_WARN_UNUSED_FUNCTION = YES;
				GCC_WARN_UNUSED_VARIABLE = YES;
				IPHONEOS_DEPLOYMENT_TARGET = 10.3;
				MTL_ENABLE_DEBUG_INFO = YES;
				ONLY_ACTIVE_ARCH = YES;
				SDKROOT = iphoneos;
				TARGETED_DEVICE_FAMILY = "1,2";
			};
			name = Debug;
		};
		CC197D0E1EDC863600ACA743 /* Release */ = {
			isa = XCBuildConfiguration;
			buildSettings = {
				ALWAYS_SEARCH_USER_PATHS = NO;
				CLANG_ANALYZER_NONNULL = YES;
				CLANG_ANALYZER_NUMBER_OBJECT_CONVERSION = YES_AGGRESSIVE;
				CLANG_CXX_LANGUAGE_STANDARD = "gnu++0x";
				CLANG_CXX_LIBRARY = "libc++";
				CLANG_ENABLE_MODULES = YES;
				CLANG_ENABLE_OBJC_ARC = YES;
				CLANG_WARN_BOOL_CONVERSION = YES;
				CLANG_WARN_CONSTANT_CONVERSION = YES;
				CLANG_WARN_DIRECT_OBJC_ISA_USAGE = YES_ERROR;
				CLANG_WARN_DOCUMENTATION_COMMENTS = YES;
				CLANG_WARN_EMPTY_BODY = YES;
				CLANG_WARN_ENUM_CONVERSION = YES;
				CLANG_WARN_INFINITE_RECURSION = YES;
				CLANG_WARN_INT_CONVERSION = YES;
				CLANG_WARN_OBJC_ROOT_CLASS = YES_ERROR;
				CLANG_WARN_SUSPICIOUS_MOVE = YES;
				CLANG_WARN_UNREACHABLE_CODE = YES;
				CLANG_WARN__DUPLICATE_METHOD_MATCH = YES;
				"CODE_SIGN_IDENTITY[sdk=iphoneos*]" = "iPhone Developer";
				COPY_PHASE_STRIP = NO;
				DEBUG_INFORMATION_FORMAT = "dwarf-with-dsym";
				ENABLE_NS_ASSERTIONS = NO;
				ENABLE_STRICT_OBJC_MSGSEND = YES;
				GCC_C_LANGUAGE_STANDARD = gnu99;
				GCC_NO_COMMON_BLOCKS = YES;
				GCC_WARN_64_TO_32_BIT_CONVERSION = YES;
				GCC_WARN_ABOUT_RETURN_TYPE = YES_ERROR;
				GCC_WARN_UNDECLARED_SELECTOR = YES;
				GCC_WARN_UNINITIALIZED_AUTOS = YES_AGGRESSIVE;
				GCC_WARN_UNUSED_FUNCTION = YES;
				GCC_WARN_UNUSED_VARIABLE = YES;
				IPHONEOS_DEPLOYMENT_TARGET = 10.3;
				MTL_ENABLE_DEBUG_INFO = NO;
				SDKROOT = iphoneos;
				TARGETED_DEVICE_FAMILY = "1,2";
				VALIDATE_PRODUCT = YES;
			};
			name = Release;
		};
		CC197D101EDC863600ACA743 /* Debug */ = {
			isa = XCBuildConfiguration;
			baseConfigurationReference = C594F61FD8279BDDAE01485E /* Pods-MPVPNManager.debug.xcconfig */;
			buildSettings = {
				ASSETCATALOG_COMPILER_APPICON_NAME = AppIcon;
				CODE_SIGN_ENTITLEMENTS = MPVPNManagerClasses/MPConfig.entitlements;
				CODE_SIGN_IDENTITY = "iPhone Developer";
				DEVELOPMENT_TEAM = 828E9CDH54;
				INFOPLIST_FILE = MPVPNManager/Info.plist;
				IPHONEOS_DEPLOYMENT_TARGET = 8.0;
				LD_RUNPATH_SEARCH_PATHS = "$(inherited) @executable_path/Frameworks";
				PRODUCT_BUNDLE_IDENTIFIER = com.mopellet.MPVPNManager;
				PRODUCT_NAME = "$(TARGET_NAME)";
			};
			name = Debug;
		};
		CC197D111EDC863600ACA743 /* Release */ = {
			isa = XCBuildConfiguration;
			baseConfigurationReference = 48B208FBAE7CCAFC51C0A80B /* Pods-MPVPNManager.release.xcconfig */;
			buildSettings = {
				ASSETCATALOG_COMPILER_APPICON_NAME = AppIcon;
				CODE_SIGN_ENTITLEMENTS = MPVPNManagerClasses/MPConfig.entitlements;
				CODE_SIGN_IDENTITY = "iPhone Developer";
				DEVELOPMENT_TEAM = 828E9CDH54;
				INFOPLIST_FILE = MPVPNManager/Info.plist;
				IPHONEOS_DEPLOYMENT_TARGET = 8.0;
				LD_RUNPATH_SEARCH_PATHS = "$(inherited) @executable_path/Frameworks";
				PRODUCT_BUNDLE_IDENTIFIER = com.mopellet.MPVPNManager;
				PRODUCT_NAME = "$(TARGET_NAME)";
			};
			name = Release;
		};
/* End XCBuildConfiguration section */

/* Begin XCConfigurationList section */
		CC197CF31EDC863600ACA743 /* Build configuration list for PBXProject "MPVPNManager" */ = {
			isa = XCConfigurationList;
			buildConfigurations = (
				CC197D0D1EDC863600ACA743 /* Debug */,
				CC197D0E1EDC863600ACA743 /* Release */,
			);
			defaultConfigurationIsVisible = 0;
			defaultConfigurationName = Release;
		};
		CC197D0F1EDC863600ACA743 /* Build configuration list for PBXNativeTarget "MPVPNManager" */ = {
			isa = XCConfigurationList;
			buildConfigurations = (
				CC197D101EDC863600ACA743 /* Debug */,
				CC197D111EDC863600ACA743 /* Release */,
			);
			defaultConfigurationIsVisible = 0;
			defaultConfigurationName = Release;
		};
/* End XCConfigurationList section */
	};
	rootObject = CC197CF01EDC863600ACA743 /* Project object */;
}
