// !$*UTF8*$!
{
	archiveVersion = 1;
	classes = {
	};
	objectVersion = 46;
	objects = {

/* Begin PBXBuildFile section */
		A4E90BDF1EDEAE0D003B86D8 /* MPVPNConfig.m in Sources */ = {isa = PBXBuildFile; fileRef = A4E90BDE1EDEAE0D003B86D8 /* MPVPNConfig.m */; };
		A4E90BE21EDEAE30003B86D8 /* MPVPNIPSecConfig.m in Sources */ = {isa = PBXBuildFile; fileRef = A4E90BE11EDEAE30003B86D8 /* MPVPNIPSecConfig.m */; };
		A4E90BE51EDEAE56003B86D8 /* MPVPNIKEv2Config.m in Sources */ = {isa = PBXBuildFile; fileRef = A4E90BE41EDEAE56003B86D8 /* MPVPNIKEv2Config.m */; };
		CC197CFD1EDC863600ACA743 /* main.m in Sources */ = {isa = PBXBuildFile; fileRef = CC197CFC1EDC863600ACA743 /* main.m */; };
		CC197D001EDC863600ACA743 /* AppDelegate.m in Sources */ = {isa = PBXBuildFile; fileRef = CC197CFF1EDC863600ACA743 /* AppDelegate.m */; };
		CC197D031EDC863600ACA743 /* ViewController.m in Sources */ = {isa = PBXBuildFile; fileRef = CC197D021EDC863600ACA743 /* ViewController.m */; };
		CC197D061EDC863600ACA743 /* Main.storyboard in Resources */ = {isa = PBXBuildFile; fileRef = CC197D041EDC863600ACA743 /* Main.storyboard */; };
		CC197D081EDC863600ACA743 /* Assets.xcassets in Resources */ = {isa = PBXBuildFile; fileRef = CC197D071EDC863600ACA743 /* Assets.xcassets */; };
		CC197D0B1EDC863600ACA743 /* LaunchScreen.storyboard in Resources */ = {isa = PBXBuildFile; fileRef = CC197D091EDC863600ACA743 /* LaunchScreen.storyboard */; };
		CC37ABCC1EEED55A0014D13B /* CACert.pem in Resources */ = {isa = PBXBuildFile; fileRef = CC37ABCB1EEED55A0014D13B /* CACert.pem */; };
		CC37ABCE1EEEE4270014D13B /* StrongSwan Root CA.cer in Resources */ = {isa = PBXBuildFile; fileRef = CC37ABCD1EEEE4270014D13B /* StrongSwan Root CA.cer */; };
		CCA750911EDC9DC6000E6524 /* AFNetworkReachabilityManager.m in Sources */ = {isa = PBXBuildFile; fileRef = CCA7508D1EDC9DC6000E6524 /* AFNetworkReachabilityManager.m */; };
		CCA750921EDC9DC6000E6524 /* MPVPNManager.m in Sources */ = {isa = PBXBuildFile; fileRef = CCA750901EDC9DC6000E6524 /* MPVPNManager.m */; };
/* End PBXBuildFile section */

/* Begin PBXFileReference section */
		A4E90BDD1EDEAE0D003B86D8 /* MPVPNConfig.h */ = {isa = PBXFileReference; fileEncoding = 4; lastKnownFileType = sourcecode.c.h; path = MPVPNConfig.h; sourceTree = "<group>"; };
		A4E90BDE1EDEAE0D003B86D8 /* MPVPNConfig.m */ = {isa = PBXFileReference; fileEncoding = 4; lastKnownFileType = sourcecode.c.objc; path = MPVPNConfig.m; sourceTree = "<group>"; };
		A4E90BE01EDEAE30003B86D8 /* MPVPNIPSecConfig.h */ = {isa = PBXFileReference; fileEncoding = 4; lastKnownFileType = sourcecode.c.h; path = MPVPNIPSecConfig.h; sourceTree = "<group>"; };
		A4E90BE11EDEAE30003B86D8 /* MPVPNIPSecConfig.m */ = {isa = PBXFileReference; fileEncoding = 4; lastKnownFileType = sourcecode.c.objc; path = MPVPNIPSecConfig.m; sourceTree = "<group>"; };
		A4E90BE31EDEAE56003B86D8 /* MPVPNIKEv2Config.h */ = {isa = PBXFileReference; fileEncoding = 4; lastKnownFileType = sourcecode.c.h; path = MPVPNIKEv2Config.h; sourceTree = "<group>"; };
		A4E90BE41EDEAE56003B86D8 /* MPVPNIKEv2Config.m */ = {isa = PBXFileReference; fileEncoding = 4; lastKnownFileType = sourcecode.c.objc; path = MPVPNIKEv2Config.m; sourceTree = "<group>"; };
		CC197CF81EDC863600ACA743 /* MPVPNManager.app */ = {isa = PBXFileReference; explicitFileType = wrapper.application; includeInIndex = 0; path = MPVPNManager.app; sourceTree = BUILT_PRODUCTS_DIR; };
		CC197CFC1EDC863600ACA743 /* main.m */ = {isa = PBXFileReference; lastKnownFileType = sourcecode.c.objc; path = main.m; sourceTree = "<group>"; };
		CC197CFE1EDC863600ACA743 /* AppDelegate.h */ = {isa = PBXFileReference; lastKnownFileType = sourcecode.c.h; path = AppDelegate.h; sourceTree = "<group>"; };
		CC197CFF1EDC863600ACA743 /* AppDelegate.m */ = {isa = PBXFileReference; lastKnownFileType = sourcecode.c.objc; path = AppDelegate.m; sourceTree = "<group>"; };
		CC197D011EDC863600ACA743 /* ViewController.h */ = {isa = PBXFileReference; lastKnownFileType = sourcecode.c.h; path = ViewController.h; sourceTree = "<group>"; };
		CC197D021EDC863600ACA743 /* ViewController.m */ = {isa = PBXFileReference; lastKnownFileType = sourcecode.c.objc; path = ViewController.m; sourceTree = "<group>"; };
		CC197D051EDC863600ACA743 /* Base */ = {isa = PBXFileReference; lastKnownFileType = file.storyboard; name = Base; path = Base.lproj/Main.storyboard; sourceTree = "<group>"; };
		CC197D071EDC863600ACA743 /* Assets.xcassets */ = {isa = PBXFileReference; lastKnownFileType = folder.assetcatalog; path = Assets.xcassets; sourceTree = "<group>"; };
		CC197D0A1EDC863600ACA743 /* Base */ = {isa = PBXFileReference; lastKnownFileType = file.storyboard; name = Base; path = Base.lproj/LaunchScreen.storyboard; sourceTree = "<group>"; };
		CC197D0C1EDC863600ACA743 /* Info.plist */ = {isa = PBXFileReference; lastKnownFileType = text.plist.xml; path = Info.plist; sourceTree = "<group>"; };
		CC37ABCB1EEED55A0014D13B /* CACert.pem */ = {isa = PBXFileReference; fileEncoding = 4; lastKnownFileType = text; path = CACert.pem; sourceTree = "<group>"; };
		CC37ABCD1EEEE4270014D13B /* StrongSwan Root CA.cer */ = {isa = PBXFileReference; lastKnownFileType = file; path = "StrongSwan Root CA.cer"; sourceTree = "<group>"; };
		CCA7508C1EDC9DC6000E6524 /* AFNetworkReachabilityManager.h */ = {isa = PBXFileReference; fileEncoding = 4; lastKnownFileType = sourcecode.c.h; path = AFNetworkReachabilityManager.h; sourceTree = "<group>"; };
		CCA7508D1EDC9DC6000E6524 /* AFNetworkReachabilityManager.m */ = {isa = PBXFileReference; fileEncoding = 4; lastKnownFileType = sourcecode.c.objc; path = AFNetworkReachabilityManager.m; sourceTree = "<group>"; };
		CCA7508E1EDC9DC6000E6524 /* MPConfig.entitlements */ = {isa = PBXFileReference; fileEncoding = 4; lastKnownFileType = text.plist.entitlements; path = MPConfig.entitlements; sourceTree = "<group>"; };
		CCA7508F1EDC9DC6000E6524 /* MPVPNManager.h */ = {isa = PBXFileReference; fileEncoding = 4; lastKnownFileType = sourcecode.c.h; path = MPVPNManager.h; sourceTree = "<group>"; };
		CCA750901EDC9DC6000E6524 /* MPVPNManager.m */ = {isa = PBXFileReference; fileEncoding = 4; lastKnownFileType = sourcecode.c.objc; path = MPVPNManager.m; sourceTree = "<group>"; };
/* End PBXFileReference section */

/* Begin PBXFrameworksBuildPhase section */
		CC197CF51EDC863600ACA743 /* Frameworks */ = {
			isa = PBXFrameworksBuildPhase;
			buildActionMask = 2147483647;
			files = (
			);
			runOnlyForDeploymentPostprocessing = 0;
		};
/* End PBXFrameworksBuildPhase section */

/* Begin PBXGroup section */
		CC197CEF1EDC863600ACA743 = {
			isa = PBXGroup;
			children = (
				CC197CFA1EDC863600ACA743 /* MPVPNManager */,
				CC197CF91EDC863600ACA743 /* Products */,
			);
			sourceTree = "<group>";
		};
		CC197CF91EDC863600ACA743 /* Products */ = {
			isa = PBXGroup;
			children = (
				CC197CF81EDC863600ACA743 /* MPVPNManager.app */,
			);
			name = Products;
			sourceTree = "<group>";
		};
		CC197CFA1EDC863600ACA743 /* MPVPNManager */ = {
			isa = PBXGroup;
			children = (
				CCA7508B1EDC9DC6000E6524 /* MPVPNManagerClasses */,
				CC197CFE1EDC863600ACA743 /* AppDelegate.h */,
				CC197CFF1EDC863600ACA743 /* AppDelegate.m */,
				CC197D011EDC863600ACA743 /* ViewController.h */,
				CC197D021EDC863600ACA743 /* ViewController.m */,
				CC197D041EDC863600ACA743 /* Main.storyboard */,
				CC197D071EDC863600ACA743 /* Assets.xcassets */,
				CC197D091EDC863600ACA743 /* LaunchScreen.storyboard */,
				CC197D0C1EDC863600ACA743 /* Info.plist */,
				CC197CFB1EDC863600ACA743 /* Supporting Files */,
			);
			path = MPVPNManager;
			sourceTree = "<group>";
		};
		CC197CFB1EDC863600ACA743 /* Supporting Files */ = {
			isa = PBXGroup;
			children = (
				CC197CFC1EDC863600ACA743 /* main.m */,
			);
			name = "Supporting Files";
			sourceTree = "<group>";
		};
		CCA7508B1EDC9DC6000E6524 /* MPVPNManagerClasses */ = {
			isa = PBXGroup;
			children = (
				CC37ABCD1EEEE4270014D13B /* StrongSwan Root CA.cer */,
				CC37ABCB1EEED55A0014D13B /* CACert.pem */,
				CCA7508C1EDC9DC6000E6524 /* AFNetworkReachabilityManager.h */,
				CCA7508D1EDC9DC6000E6524 /* AFNetworkReachabilityManager.m */,
				CCA7508E1EDC9DC6000E6524 /* MPConfig.entitlements */,
				CCA7508F1EDC9DC6000E6524 /* MPVPNManager.h */,
				CCA750901EDC9DC6000E6524 /* MPVPNManager.m */,
				A4E90BDD1EDEAE0D003B86D8 /* MPVPNConfig.h */,
				A4E90BDE1EDEAE0D003B86D8 /* MPVPNConfig.m */,
				A4E90BE01EDEAE30003B86D8 /* MPVPNIPSecConfig.h */,
				A4E90BE11EDEAE30003B86D8 /* MPVPNIPSecConfig.m */,
				A4E90BE31EDEAE56003B86D8 /* MPVPNIKEv2Config.h */,
				A4E90BE41EDEAE56003B86D8 /* MPVPNIKEv2Config.m */,
			);
			path = MPVPNManagerClasses;
			sourceTree = SOURCE_ROOT;
		};
/* End PBXGroup section */

/* Begin PBXNativeTarget section */
		CC197CF71EDC863600ACA743 /* MPVPNManager */ = {
			isa = PBXNativeTarget;
			buildConfigurationList = CC197D0F1EDC863600ACA743 /* Build configuration list for PBXNativeTarget "MPVPNManager" */;
			buildPhases = (
				CC197CF41EDC863600ACA743 /* Sources */,
				CC197CF51EDC863600ACA743 /* Frameworks */,
				CC197CF61EDC863600ACA743 /* Resources */,
			);
			buildRules = (
			);
			dependencies = (
			);
			name = MPVPNManager;
			productName = MPVPNManager;
			productReference = CC197CF81EDC863600ACA743 /* MPVPNManager.app */;
			productType = "com.apple.product-type.application";
		};
/* End PBXNativeTarget section */

/* Begin PBXProject section */
		CC197CF01EDC863600ACA743 /* Project object */ = {
			isa = PBXProject;
			attributes = {
				LastUpgradeCheck = 0830;
				ORGANIZATIONNAME = mopellet;
				TargetAttributes = {
					CC197CF71EDC863600ACA743 = {
						CreatedOnToolsVersion = 8.3.2;
						DevelopmentTeam = 828E9CDH54;
						ProvisioningStyle = Automatic;
					};
				};
			};
			buildConfigurationList = CC197CF31EDC863600ACA743 /* Build configuration list for PBXProject "MPVPNManager" */;
			compatibilityVersion = "Xcode 3.2";
			developmentRegion = English;
			hasScannedForEncodings = 0;
			knownRegions = (
				en,
				Base,
			);
			mainGroup = CC197CEF1EDC863600ACA743;
			productRefGroup = CC197CF91EDC863600ACA743 /* Products */;
			projectDirPath = "";
			projectRoot = "";
			targets = (
				CC197CF71EDC863600ACA743 /* MPVPNManager */,
			);
		};
/* End PBXProject section */

/* Begin PBXResourcesBuildPhase section */
		CC197CF61EDC863600ACA743 /* Resources */ = {
			isa = PBXResourcesBuildPhase;
			buildActionMask = 2147483647;
			files = (
				CC37ABCC1EEED55A0014D13B /* CACert.pem in Resources */,
				CC197D0B1EDC863600ACA743 /* LaunchScreen.storyboard in Resources */,
				CC197D081EDC863600ACA743 /* Assets.xcassets in Resources */,
				CC197D061EDC863600ACA743 /* Main.storyboard in Resources */,
				CC37ABCE1EEEE4270014D13B /* StrongSwan Root CA.cer in Resources */,
			);
			runOnlyForDeploymentPostprocessing = 0;
		};
/* End PBXResourcesBuildPhase section */

/* Begin PBXSourcesBuildPhase section */
		CC197CF41EDC863600ACA743 /* Sources */ = {
			isa = PBXSourcesBuildPhase;
			buildActionMask = 2147483647;
			files = (
				CCA750921EDC9DC6000E6524 /* MPVPNManager.m in Sources */,
				A4E90BE21EDEAE30003B86D8 /* MPVPNIPSecConfig.m in Sources */,
				CC197D031EDC863600ACA743 /* ViewController.m in Sources */,
				CC197D001EDC863600ACA743 /* AppDelegate.m in Sources */,
				A4E90BDF1EDEAE0D003B86D8 /* MPVPNConfig.m in Sources */,
				A4E90BE51EDEAE56003B86D8 /* MPVPNIKEv2Config.m in Sources */,
				CCA750911EDC9DC6000E6524 /* AFNetworkReachabilityManager.m in Sources */,
				CC197CFD1EDC863600ACA743 /* main.m in Sources */,
			);
			runOnlyForDeploymentPostprocessing = 0;
		};
/* End PBXSourcesBuildPhase section */

/* Begin PBXVariantGroup section */
		CC197D041EDC863600ACA743 /* Main.storyboard */ = {
			isa = PBXVariantGroup;
			children = (
				CC197D051EDC863600ACA743 /* Base */,
			);
			name = Main.storyboard;
			sourceTree = "<group>";
		};
		CC197D091EDC863600ACA743 /* LaunchScreen.storyboard */ = {
			isa = PBXVariantGroup;
			children = (
				CC197D0A1EDC863600ACA743 /* Base */,
			);
			name = LaunchScreen.storyboard;
			sourceTree = "<group>";
		};
/* End PBXVariantGroup section */

/* Begin XCBuildConfiguration section */
		CC197D0D1EDC863600ACA743 /* Debug */ = {
			isa = XCBuildConfiguration;
			buildSettings = {
				ALWAYS_SEARCH_USER_PATHS = NO;
				CLANG_ANALYZER_NONNULL = YES;
				CLANG_ANALYZER_NUMBER_OBJECT_CONVERSION = YES_AGGRESSIVE;
				CLANG_CXX_LANGUAGE_STANDARD = "gnu++0x";
				CLANG_CXX_LIBRARY = "libc++";
				CLANG_ENABLE_MODULES = YES;
				CLANG_ENABLE_OBJC_ARC = YES;
				CLANG_WARN_BOOL_CONVERSION = YES;
				CLANG_WARN_CONSTANT_CONVERSION = YES;
				CLANG_WARN_DIRECT_OBJC_ISA_USAGE = YES_ERROR;
				CLANG_WARN_DOCUMENTATION_COMMENTS = YES;
				CLANG_WARN_EMPTY_BODY = YES;
				CLANG_WARN_ENUM_CONVERSION = YES;
				CLANG_WARN_INFINITE_RECURSION = YES;
				CLANG_WARN_INT_CONVERSION = YES;
				CLANG_WARN_OBJC_ROOT_CLASS = YES_ERROR;
				CLANG_WARN_SUSPICIOUS_MOVE = YES;
				CLANG_WARN_UNREACHABLE_CODE = YES;
				CLANG_WARN__DUPLICATE_METHOD_MATCH = YES;
				"CODE_SIGN_IDENTITY[sdk=iphoneos*]" = "iPhone Developer";
				COPY_PHASE_STRIP = NO;
				DEBUG_INFORMATION_FORMAT = dwarf;
				ENABLE_STRICT_OBJC_MSGSEND = YES;
				ENABLE_TESTABILITY = YES;
				GCC_C_LANGUAGE_STANDARD = gnu99;
				GCC_DYNAMIC_NO_PIC = NO;
				GCC_NO_COMMON_BLOCKS = YES;
				GCC_OPTIMIZATION_LEVEL = 0;
				GCC_PREPROCESSOR_DEFINITIONS = (
					"DEBUG=1",
					"$(inherited)",
				);
				GCC_WARN_64_TO_32_BIT_CONVERSION = YES;
				GCC_WARN_ABOUT_RETURN_TYPE = YES_ERROR;
				GCC_WARN_UNDECLARED_SELECTOR = YES;
				GCC_WARN_UNINITIALIZED_AUTOS = YES_AGGRESSIVE;
				GCC_WARN_UNUSED_FUNCTION = YES;
				GCC_WARN_UNUSED_VARIABLE = YES;
				IPHONEOS_DEPLOYMENT_TARGET = 10.3;
				MTL_ENABLE_DEBUG_INFO = YES;
				ONLY_ACTIVE_ARCH = YES;
				SDKROOT = iphoneos;
				TARGETED_DEVICE_FAMILY = "1,2";
			};
			name = Debug;
		};
		CC197D0E1EDC863600ACA743 /* Release */ = {
			isa = XCBuildConfiguration;
			buildSettings = {
				ALWAYS_SEARCH_USER_PATHS = NO;
				CLANG_ANALYZER_NONNULL = YES;
				CLANG_ANALYZER_NUMBER_OBJECT_CONVERSION = YES_AGGRESSIVE;
				CLANG_CXX_LANGUAGE_STANDARD = "gnu++0x";
				CLANG_CXX_LIBRARY = "libc++";
				CLANG_ENABLE_MODULES = YES;
				CLANG_ENABLE_OBJC_ARC = YES;
				CLANG_WARN_BOOL_CONVERSION = YES;
				CLANG_WARN_CONSTANT_CONVERSION = YES;
				CLANG_WARN_DIRECT_OBJC_ISA_USAGE = YES_ERROR;
				CLANG_WARN_DOCUMENTATION_COMMENTS = YES;
				CLANG_WARN_EMPTY_BODY = YES;
				CLANG_WARN_ENUM_CONVERSION = YES;
				CLANG_WARN_INFINITE_RECURSION = YES;
				CLANG_WARN_INT_CONVERSION = YES;
				CLANG_WARN_OBJC_ROOT_CLASS = YES_ERROR;
				CLANG_WARN_SUSPICIOUS_MOVE = YES;
				CLANG_WARN_UNREACHABLE_CODE = YES;
				CLANG_WARN__DUPLICATE_METHOD_MATCH = YES;
				"CODE_SIGN_IDENTITY[sdk=iphoneos*]" = "iPhone Developer";
				COPY_PHASE_STRIP = NO;
				DEBUG_INFORMATION_FORMAT = "dwarf-with-dsym";
				ENABLE_NS_ASSERTIONS = NO;
				ENABLE_STRICT_OBJC_MSGSEND = YES;
				GCC_C_LANGUAGE_STANDARD = gnu99;
				GCC_NO_COMMON_BLOCKS = YES;
				GCC_WARN_64_TO_32_BIT_CONVERSION = YES;
				GCC_WARN_ABOUT_RETURN_TYPE = YES_ERROR;
				GCC_WARN_UNDECLARED_SELECTOR = YES;
				GCC_WARN_UNINITIALIZED_AUTOS = YES_AGGRESSIVE;
				GCC_WARN_UNUSED_FUNCTION = YES;
				GCC_WARN_UNUSED_VARIABLE = YES;
				IPHONEOS_DEPLOYMENT_TARGET = 10.3;
				MTL_ENABLE_DEBUG_INFO = NO;
				SDKROOT = iphoneos;
				TARGETED_DEVICE_FAMILY = "1,2";
				VALIDATE_PRODUCT = YES;
			};
			name = Release;
		};
		CC197D101EDC863600ACA743 /* Debug */ = {
			isa = XCBuildConfiguration;
			buildSettings = {
				ASSETCATALOG_COMPILER_APPICON_NAME = AppIcon;
				CODE_SIGN_ENTITLEMENTS = MPVPNManagerClasses/MPConfig.entitlements;
				CODE_SIGN_IDENTITY = "iPhone Developer";
				DEVELOPMENT_TEAM = 828E9CDH54;
				INFOPLIST_FILE = MPVPNManager/Info.plist;
				IPHONEOS_DEPLOYMENT_TARGET = 8.0;
				LD_RUNPATH_SEARCH_PATHS = "$(inherited) @executable_path/Frameworks";
				PRODUCT_BUNDLE_IDENTIFIER = com.mopellet.MPVPNManager;
				PRODUCT_NAME = "$(TARGET_NAME)";
			};
			name = Debug;
		};
		CC197D111EDC863600ACA743 /* Release */ = {
			isa = XCBuildConfiguration;
			buildSettings = {
				ASSETCATALOG_COMPILER_APPICON_NAME = AppIcon;
				CODE_SIGN_ENTITLEMENTS = MPVPNManagerClasses/MPConfig.entitlements;
				CODE_SIGN_IDENTITY = "iPhone Developer";
				DEVELOPMENT_TEAM = 828E9CDH54;
				INFOPLIST_FILE = MPVPNManager/Info.plist;
				IPHONEOS_DEPLOYMENT_TARGET = 8.0;
				LD_RUNPATH_SEARCH_PATHS = "$(inherited) @executable_path/Frameworks";
				PRODUCT_BUNDLE_IDENTIFIER = com.mopellet.MPVPNManager;
				PRODUCT_NAME = "$(TARGET_NAME)";
			};
			name = Release;
		};
/* End XCBuildConfiguration section */

/* Begin XCConfigurationList section */
		CC197CF31EDC863600ACA743 /* Build configuration list for PBXProject "MPVPNManager" */ = {
			isa = XCConfigurationList;
			buildConfigurations = (
				CC197D0D1EDC863600ACA743 /* Debug */,
				CC197D0E1EDC863600ACA743 /* Release */,
			);
			defaultConfigurationIsVisible = 0;
			defaultConfigurationName = Release;
		};
		CC197D0F1EDC863600ACA743 /* Build configuration list for PBXNativeTarget "MPVPNManager" */ = {
			isa = XCConfigurationList;
			buildConfigurations = (
				CC197D101EDC863600ACA743 /* Debug */,
				CC197D111EDC863600ACA743 /* Release */,
			);
			defaultConfigurationIsVisible = 0;
			defaultConfigurationName = Release;
		};
/* End XCConfigurationList section */
	};
	rootObject = CC197CF01EDC863600ACA743 /* Project object */;
}
